// !$*UTF8*$!
{
	archiveVersion = 1;
	classes = {
	};
	objectVersion = 50;
	objects = {

/* Begin PBXBuildFile section */
		5257449B248EE5650068382E /* AppDelegate.swift in Sources */ = {isa = PBXBuildFile; fileRef = 5257449A248EE5650068382E /* AppDelegate.swift */; };
		5257449D248EE5650068382E /* SceneDelegate.swift in Sources */ = {isa = PBXBuildFile; fileRef = 5257449C248EE5650068382E /* SceneDelegate.swift */; };
		525744A2248EE5650068382E /* Main.storyboard in Resources */ = {isa = PBXBuildFile; fileRef = 525744A0248EE5650068382E /* Main.storyboard */; };
		525744A4248EE5660068382E /* Assets.xcassets in Resources */ = {isa = PBXBuildFile; fileRef = 525744A3248EE5660068382E /* Assets.xcassets */; };
		525744A7248EE5660068382E /* LaunchScreen.storyboard in Resources */ = {isa = PBXBuildFile; fileRef = 525744A5248EE5660068382E /* LaunchScreen.storyboard */; };
		525744B6248EE6210068382E /* AlarmListTableViewController.swift in Sources */ = {isa = PBXBuildFile; fileRef = 525744B5248EE6210068382E /* AlarmListTableViewController.swift */; };
		525744B8248EE78F0068382E /* AlarmDetailTableViewController.swift in Sources */ = {isa = PBXBuildFile; fileRef = 525744B7248EE78F0068382E /* AlarmDetailTableViewController.swift */; };
		525744BB248EECB40068382E /* SwitchTableViewCell.swift in Sources */ = {isa = PBXBuildFile; fileRef = 525744BA248EECB40068382E /* SwitchTableViewCell.swift */; };
		525744BD248EEE9F0068382E /* Alarm.swift in Sources */ = {isa = PBXBuildFile; fileRef = 525744BC248EEE9F0068382E /* Alarm.swift */; };
		525744BF248EEFC30068382E /* AlarmController.swift in Sources */ = {isa = PBXBuildFile; fileRef = 525744BE248EEFC30068382E /* AlarmController.swift */; };
/* End PBXBuildFile section */

/* Begin PBXFileReference section */
		52574497248EE5650068382E /* Alarm.app */ = {isa = PBXFileReference; explicitFileType = wrapper.application; includeInIndex = 0; path = Alarm.app; sourceTree = BUILT_PRODUCTS_DIR; };
		5257449A248EE5650068382E /* AppDelegate.swift */ = {isa = PBXFileReference; lastKnownFileType = sourcecode.swift; path = AppDelegate.swift; sourceTree = "<group>"; };
		5257449C248EE5650068382E /* SceneDelegate.swift */ = {isa = PBXFileReference; lastKnownFileType = sourcecode.swift; path = SceneDelegate.swift; sourceTree = "<group>"; };
		525744A1248EE5650068382E /* Base */ = {isa = PBXFileReference; lastKnownFileType = file.storyboard; name = Base; path = Base.lproj/Main.storyboard; sourceTree = "<group>"; };
		525744A3248EE5660068382E /* Assets.xcassets */ = {isa = PBXFileReference; lastKnownFileType = folder.assetcatalog; path = Assets.xcassets; sourceTree = "<group>"; };
		525744A6248EE5660068382E /* Base */ = {isa = PBXFileReference; lastKnownFileType = file.storyboard; name = Base; path = Base.lproj/LaunchScreen.storyboard; sourceTree = "<group>"; };
		525744A8248EE5660068382E /* Info.plist */ = {isa = PBXFileReference; lastKnownFileType = text.plist.xml; path = Info.plist; sourceTree = "<group>"; };
		525744B5248EE6210068382E /* AlarmListTableViewController.swift */ = {isa = PBXFileReference; lastKnownFileType = sourcecode.swift; path = AlarmListTableViewController.swift; sourceTree = "<group>"; };
		525744B7248EE78F0068382E /* AlarmDetailTableViewController.swift */ = {isa = PBXFileReference; lastKnownFileType = sourcecode.swift; path = AlarmDetailTableViewController.swift; sourceTree = "<group>"; };
		525744BA248EECB40068382E /* SwitchTableViewCell.swift */ = {isa = PBXFileReference; lastKnownFileType = sourcecode.swift; path = SwitchTableViewCell.swift; sourceTree = "<group>"; };
		525744BC248EEE9F0068382E /* Alarm.swift */ = {isa = PBXFileReference; lastKnownFileType = sourcecode.swift; path = Alarm.swift; sourceTree = "<group>"; };
		525744BE248EEFC30068382E /* AlarmController.swift */ = {isa = PBXFileReference; lastKnownFileType = sourcecode.swift; path = AlarmController.swift; sourceTree = "<group>"; };
/* End PBXFileReference section */

/* Begin PBXFrameworksBuildPhase section */
		52574494248EE5650068382E /* Frameworks */ = {
			isa = PBXFrameworksBuildPhase;
			buildActionMask = 2147483647;
			files = (
			);
			runOnlyForDeploymentPostprocessing = 0;
		};
/* End PBXFrameworksBuildPhase section */

/* Begin PBXGroup section */
		5257448E248EE5650068382E = {
			isa = PBXGroup;
			children = (
				52574499248EE5650068382E /* Alarm */,
				52574498248EE5650068382E /* Products */,
			);
			sourceTree = "<group>";
		};
		52574498248EE5650068382E /* Products */ = {
			isa = PBXGroup;
			children = (
				52574497248EE5650068382E /* Alarm.app */,
			);
			name = Products;
			sourceTree = "<group>";
		};
		52574499248EE5650068382E /* Alarm */ = {
			isa = PBXGroup;
			children = (
				525744B1248EE5850068382E /* Model */,
				525744B0248EE57E0068382E /* Views */,
				525744B2248EE58A0068382E /* Controller */,
				525744AE248EE5710068382E /* Resources */,
			);
			path = Alarm;
			sourceTree = "<group>";
		};
		525744AE248EE5710068382E /* Resources */ = {
			isa = PBXGroup;
			children = (
				5257449A248EE5650068382E /* AppDelegate.swift */,
				5257449C248EE5650068382E /* SceneDelegate.swift */,
				525744A3248EE5660068382E /* Assets.xcassets */,
				525744A5248EE5660068382E /* LaunchScreen.storyboard */,
				525744A8248EE5660068382E /* Info.plist */,
			);
			path = Resources;
			sourceTree = "<group>";
		};
		525744AF248EE57A0068382E /* Storyboard */ = {
			isa = PBXGroup;
			children = (
				525744A0248EE5650068382E /* Main.storyboard */,
			);
			path = Storyboard;
			sourceTree = "<group>";
		};
		525744B0248EE57E0068382E /* Views */ = {
			isa = PBXGroup;
			children = (
				525744B9248EECA50068382E /* Cells */,
				525744AF248EE57A0068382E /* Storyboard */,
			);
			path = Views;
			sourceTree = "<group>";
		};
		525744B1248EE5850068382E /* Model */ = {
			isa = PBXGroup;
			children = (
				525744BC248EEE9F0068382E /* Alarm.swift */,
			);
			path = Model;
			sourceTree = "<group>";
		};
		525744B2248EE58A0068382E /* Controller */ = {
			isa = PBXGroup;
			children = (
				525744B4248EE5940068382E /* View Controller */,
				525744B3248EE58F0068382E /* Model Controller */,
			);
			path = Controller;
			sourceTree = "<group>";
		};
		525744B3248EE58F0068382E /* Model Controller */ = {
			isa = PBXGroup;
			children = (
				525744BE248EEFC30068382E /* AlarmController.swift */,
			);
			path = "Model Controller";
			sourceTree = "<group>";
		};
		525744B4248EE5940068382E /* View Controller */ = {
			isa = PBXGroup;
			children = (
				525744B5248EE6210068382E /* AlarmListTableViewController.swift */,
				525744B7248EE78F0068382E /* AlarmDetailTableViewController.swift */,
			);
			path = "View Controller";
			sourceTree = "<group>";
		};
		525744B9248EECA50068382E /* Cells */ = {
			isa = PBXGroup;
			children = (
				525744BA248EECB40068382E /* SwitchTableViewCell.swift */,
			);
			path = Cells;
			sourceTree = "<group>";
		};
/* End PBXGroup section */

/* Begin PBXNativeTarget section */
		52574496248EE5650068382E /* Alarm */ = {
			isa = PBXNativeTarget;
			buildConfigurationList = 525744AB248EE5660068382E /* Build configuration list for PBXNativeTarget "Alarm" */;
			buildPhases = (
				52574493248EE5650068382E /* Sources */,
				52574494248EE5650068382E /* Frameworks */,
				52574495248EE5650068382E /* Resources */,
			);
			buildRules = (
			);
			dependencies = (
			);
			name = Alarm;
			productName = Alarm;
			productReference = 52574497248EE5650068382E /* Alarm.app */;
			productType = "com.apple.product-type.application";
		};
/* End PBXNativeTarget section */

/* Begin PBXProject section */
		5257448F248EE5650068382E /* Project object */ = {
			isa = PBXProject;
			attributes = {
				LastSwiftUpdateCheck = 1150;
				LastUpgradeCheck = 1150;
				ORGANIZATIONNAME = Atomuz;
				TargetAttributes = {
					52574496248EE5650068382E = {
						CreatedOnToolsVersion = 11.5;
					};
				};
			};
			buildConfigurationList = 52574492248EE5650068382E /* Build configuration list for PBXProject "Alarm" */;
			compatibilityVersion = "Xcode 9.3";
			developmentRegion = en;
			hasScannedForEncodings = 0;
			knownRegions = (
				en,
				Base,
			);
			mainGroup = 5257448E248EE5650068382E;
			productRefGroup = 52574498248EE5650068382E /* Products */;
			projectDirPath = "";
			projectRoot = "";
			targets = (
				52574496248EE5650068382E /* Alarm */,
			);
		};
/* End PBXProject section */

/* Begin PBXResourcesBuildPhase section */
		52574495248EE5650068382E /* Resources */ = {
			isa = PBXResourcesBuildPhase;
			buildActionMask = 2147483647;
			files = (
				525744A7248EE5660068382E /* LaunchScreen.storyboard in Resources */,
				525744A4248EE5660068382E /* Assets.xcassets in Resources */,
				525744A2248EE5650068382E /* Main.storyboard in Resources */,
			);
			runOnlyForDeploymentPostprocessing = 0;
		};
/* End PBXResourcesBuildPhase section */

/* Begin PBXSourcesBuildPhase section */
		52574493248EE5650068382E /* Sources */ = {
			isa = PBXSourcesBuildPhase;
			buildActionMask = 2147483647;
			files = (
				5257449B248EE5650068382E /* AppDelegate.swift in Sources */,
				525744B6248EE6210068382E /* AlarmListTableViewController.swift in Sources */,
				525744BB248EECB40068382E /* SwitchTableViewCell.swift in Sources */,
				525744B8248EE78F0068382E /* AlarmDetailTableViewController.swift in Sources */,
				5257449D248EE5650068382E /* SceneDelegate.swift in Sources */,
				525744BD248EEE9F0068382E /* Alarm.swift in Sources */,
				525744BF248EEFC30068382E /* AlarmController.swift in Sources */,
			);
			runOnlyForDeploymentPostprocessing = 0;
		};
/* End PBXSourcesBuildPhase section */

/* Begin PBXVariantGroup section */
		525744A0248EE5650068382E /* Main.storyboard */ = {
			isa = PBXVariantGroup;
			children = (
				525744A1248EE5650068382E /* Base */,
			);
			name = Main.storyboard;
			sourceTree = "<group>";
		};
		525744A5248EE5660068382E /* LaunchScreen.storyboard */ = {
			isa = PBXVariantGroup;
			children = (
				525744A6248EE5660068382E /* Base */,
			);
			name = LaunchScreen.storyboard;
			sourceTree = "<group>";
		};
/* End PBXVariantGroup section */

/* Begin XCBuildConfiguration section */
		525744A9248EE5660068382E /* Debug */ = {
			isa = XCBuildConfiguration;
			buildSettings = {
				ALWAYS_SEARCH_USER_PATHS = NO;
				CLANG_ANALYZER_NONNULL = YES;
				CLANG_ANALYZER_NUMBER_OBJECT_CONVERSION = YES_AGGRESSIVE;
				CLANG_CXX_LANGUAGE_STANDARD = "gnu++14";
				CLANG_CXX_LIBRARY = "libc++";
				CLANG_ENABLE_MODULES = YES;
				CLANG_ENABLE_OBJC_ARC = YES;
				CLANG_ENABLE_OBJC_WEAK = YES;
				CLANG_WARN_BLOCK_CAPTURE_AUTORELEASING = YES;
				CLANG_WARN_BOOL_CONVERSION = YES;
				CLANG_WARN_COMMA = YES;
				CLANG_WARN_CONSTANT_CONVERSION = YES;
				CLANG_WARN_DEPRECATED_OBJC_IMPLEMENTATIONS = YES;
				CLANG_WARN_DIRECT_OBJC_ISA_USAGE = YES_ERROR;
				CLANG_WARN_DOCUMENTATION_COMMENTS = YES;
				CLANG_WARN_EMPTY_BODY = YES;
				CLANG_WARN_ENUM_CONVERSION = YES;
				CLANG_WARN_INFINITE_RECURSION = YES;
				CLANG_WARN_INT_CONVERSION = YES;
				CLANG_WARN_NON_LITERAL_NULL_CONVERSION = YES;
				CLANG_WARN_OBJC_IMPLICIT_RETAIN_SELF = YES;
				CLANG_WARN_OBJC_LITERAL_CONVERSION = YES;
				CLANG_WARN_OBJC_ROOT_CLASS = YES_ERROR;
				CLANG_WARN_RANGE_LOOP_ANALYSIS = YES;
				CLANG_WARN_STRICT_PROTOTYPES = YES;
				CLANG_WARN_SUSPICIOUS_MOVE = YES;
				CLANG_WARN_UNGUARDED_AVAILABILITY = YES_AGGRESSIVE;
				CLANG_WARN_UNREACHABLE_CODE = YES;
				CLANG_WARN__DUPLICATE_METHOD_MATCH = YES;
				COPY_PHASE_STRIP = NO;
				DEBUG_INFORMATION_FORMAT = dwarf;
				ENABLE_STRICT_OBJC_MSGSEND = YES;
				ENABLE_TESTABILITY = YES;
				GCC_C_LANGUAGE_STANDARD = gnu11;
				GCC_DYNAMIC_NO_PIC = NO;
				GCC_NO_COMMON_BLOCKS = YES;
				GCC_OPTIMIZATION_LEVEL = 0;
				GCC_PREPROCESSOR_DEFINITIONS = (
					"DEBUG=1",
					"$(inherited)",
				);
				GCC_WARN_64_TO_32_BIT_CONVERSION = YES;
				GCC_WARN_ABOUT_RETURN_TYPE = YES_ERROR;
				GCC_WARN_UNDECLARED_SELECTOR = YES;
				GCC_WARN_UNINITIALIZED_AUTOS = YES_AGGRESSIVE;
				GCC_WARN_UNUSED_FUNCTION = YES;
				GCC_WARN_UNUSED_VARIABLE = YES;
				IPHONEOS_DEPLOYMENT_TARGET = 13.5;
				MTL_ENABLE_DEBUG_INFO = INCLUDE_SOURCE;
				MTL_FAST_MATH = YES;
				ONLY_ACTIVE_ARCH = YES;
				SDKROOT = iphoneos;
				SWIFT_ACTIVE_COMPILATION_CONDITIONS = DEBUG;
				SWIFT_OPTIMIZATION_LEVEL = "-Onone";
			};
			name = Debug;
		};
		525744AA248EE5660068382E /* Release */ = {
			isa = XCBuildConfiguration;
			buildSettings = {
				ALWAYS_SEARCH_USER_PATHS = NO;
				CLANG_ANALYZER_NONNULL = YES;
				CLANG_ANALYZER_NUMBER_OBJECT_CONVERSION = YES_AGGRESSIVE;
				CLANG_CXX_LANGUAGE_STANDARD = "gnu++14";
				CLANG_CXX_LIBRARY = "libc++";
				CLANG_ENABLE_MODULES = YES;
				CLANG_ENABLE_OBJC_ARC = YES;
				CLANG_ENABLE_OBJC_WEAK = YES;
				CLANG_WARN_BLOCK_CAPTURE_AUTORELEASING = YES;
				CLANG_WARN_BOOL_CONVERSION = YES;
				CLANG_WARN_COMMA = YES;
				CLANG_WARN_CONSTANT_CONVERSION = YES;
				CLANG_WARN_DEPRECATED_OBJC_IMPLEMENTATIONS = YES;
				CLANG_WARN_DIRECT_OBJC_ISA_USAGE = YES_ERROR;
				CLANG_WARN_DOCUMENTATION_COMMENTS = YES;
				CLANG_WARN_EMPTY_BODY = YES;
				CLANG_WARN_ENUM_CONVERSION = YES;
				CLANG_WARN_INFINITE_RECURSION = YES;
				CLANG_WARN_INT_CONVERSION = YES;
				CLANG_WARN_NON_LITERAL_NULL_CONVERSION = YES;
				CLANG_WARN_OBJC_IMPLICIT_RETAIN_SELF = YES;
				CLANG_WARN_OBJC_LITERAL_CONVERSION = YES;
				CLANG_WARN_OBJC_ROOT_CLASS = YES_ERROR;
				CLANG_WARN_RANGE_LOOP_ANALYSIS = YES;
				CLANG_WARN_STRICT_PROTOTYPES = YES;
				CLANG_WARN_SUSPICIOUS_MOVE = YES;
				CLANG_WARN_UNGUARDED_AVAILABILITY = YES_AGGRESSIVE;
				CLANG_WARN_UNREACHABLE_CODE = YES;
				CLANG_WARN__DUPLICATE_METHOD_MATCH = YES;
				COPY_PHASE_STRIP = NO;
				DEBUG_INFORMATION_FORMAT = "dwarf-with-dsym";
				ENABLE_NS_ASSERTIONS = NO;
				ENABLE_STRICT_OBJC_MSGSEND = YES;
				GCC_C_LANGUAGE_STANDARD = gnu11;
				GCC_NO_COMMON_BLOCKS = YES;
				GCC_WARN_64_TO_32_BIT_CONVERSION = YES;
				GCC_WARN_ABOUT_RETURN_TYPE = YES_ERROR;
				GCC_WARN_UNDECLARED_SELECTOR = YES;
				GCC_WARN_UNINITIALIZED_AUTOS = YES_AGGRESSIVE;
				GCC_WARN_UNUSED_FUNCTION = YES;
				GCC_WARN_UNUSED_VARIABLE = YES;
				IPHONEOS_DEPLOYMENT_TARGET = 13.5;
				MTL_ENABLE_DEBUG_INFO = NO;
				MTL_FAST_MATH = YES;
				SDKROOT = iphoneos;
				SWIFT_COMPILATION_MODE = wholemodule;
				SWIFT_OPTIMIZATION_LEVEL = "-O";
				VALIDATE_PRODUCT = YES;
			};
			name = Release;
		};
		525744AC248EE5660068382E /* Debug */ = {
			isa = XCBuildConfiguration;
			buildSettings = {
				ASSETCATALOG_COMPILER_APPICON_NAME = AppIcon;
				CODE_SIGN_STYLE = Automatic;
				DEVELOPMENT_TEAM = 9P92JGZ383;
				INFOPLIST_FILE = Alarm/Resources/Info.plist;
				LD_RUNPATH_SEARCH_PATHS = (
					"$(inherited)",
					"@executable_path/Frameworks",
				);
				PRODUCT_BUNDLE_IDENTIFIER = com.atomuz.Alarm;
				PRODUCT_NAME = "$(TARGET_NAME)";
				SWIFT_VERSION = 5.0;
				TARGETED_DEVICE_FAMILY = "1,2";
			};
			name = Debug;
		};
		525744AD248EE5660068382E /* Release */ = {
			isa = XCBuildConfiguration;
			buildSettings = {
				ASSETCATALOG_COMPILER_APPICON_NAME = AppIcon;
				CODE_SIGN_STYLE = Automatic;
				DEVELOPMENT_TEAM = 9P92JGZ383;
				INFOPLIST_FILE = Alarm/Resources/Info.plist;
				LD_RUNPATH_SEARCH_PATHS = (
					"$(inherited)",
					"@executable_path/Frameworks",
				);
				PRODUCT_BUNDLE_IDENTIFIER = com.atomuz.Alarm;
				PRODUCT_NAME = "$(TARGET_NAME)";
				SWIFT_VERSION = 5.0;
				TARGETED_DEVICE_FAMILY = "1,2";
			};
			name = Release;
		};
/* End XCBuildConfiguration section */

/* Begin XCConfigurationList section */
		52574492248EE5650068382E /* Build configuration list for PBXProject "Alarm" */ = {
			isa = XCConfigurationList;
			buildConfigurations = (
				525744A9248EE5660068382E /* Debug */,
				525744AA248EE5660068382E /* Release */,
			);
			defaultConfigurationIsVisible = 0;
			defaultConfigurationName = Release;
		};
		525744AB248EE5660068382E /* Build configuration list for PBXNativeTarget "Alarm" */ = {
			isa = XCConfigurationList;
			buildConfigurations = (
				525744AC248EE5660068382E /* Debug */,
				525744AD248EE5660068382E /* Release */,
			);
			defaultConfigurationIsVisible = 0;
			defaultConfigurationName = Release;
		};
/* End XCConfigurationList section */
	};
	rootObject = 5257448F248EE5650068382E /* Project object */;
}
